{
  "name": "youtube-shorts-timebar",
  "lockfileVersion": 2,
  "requires": true,
  "packages": {
    "": {
      "dependencies": {
        "dom-loaded": "^3.0.0",
        "selector-observer": "^2.1.6"
      }
    },
    "node_modules/dom-loaded": {
      "version": "3.0.0",
      "resolved": "https://registry.npmjs.org/dom-loaded/-/dom-loaded-3.0.0.tgz",
      "integrity": "sha512-XBByp17aE0owJhq5unCdzc9XeWdX7a5l6YaxL02j/kCK2AFjyUA/eKgLO+QqUvjOg3UkpN4dt5cuerUqVYnWoQ==",
      "engines": {
        "node": ">=12"
      },
      "funding": {
        "url": "https://github.com/sponsors/sindresorhus"
      }
    },
    "node_modules/selector-observer": {
      "version": "2.1.6",
      "resolved": "https://registry.npmjs.org/selector-observer/-/selector-observer-2.1.6.tgz",
      "integrity": "sha512-/I0XLOlDbzk9tnZUqNos/2cshOxTNk1QhoXtJRR8OZ4JjVfXq6JUjqo4icPDQ8fzNr2uQ32mfOzJ6sXPao/6MA==",
      "dependencies": {
        "selector-set": "^1.1"
      }
    },
    "node_modules/selector-set": {
      "version": "1.1.5",
      "resolved": "https://registry.npmjs.org/selector-set/-/selector-set-1.1.5.tgz",
      "integrity": "sha512-6SQw6yMew5iOZ8/cDHDEnJWRM4ot2mxP6szZyF5ptrBogw4AcS4EXRj/8BUfgAMwVfdL84qpModlBMOl2NVrsQ=="
    }
  },
  "dependencies": {
    "dom-loaded": {
      "version": "3.0.0",
      "resolved": "https://registry.npmjs.org/dom-loaded/-/dom-loaded-3.0.0.tgz",
      "integrity": "sha512-XBByp17aE0owJhq5unCdzc9XeWdX7a5l6YaxL02j/kCK2AFjyUA/eKgLO+QqUvjOg3UkpN4dt5cuerUqVYnWoQ=="
    },
    "selector-observer": {
      "version": "2.1.6",
      "resolved": "https://registry.npmjs.org/selector-observer/-/selector-observer-2.1.6.tgz",
      "integrity": "sha512-/I0XLOlDbzk9tnZUqNos/2cshOxTNk1QhoXtJRR8OZ4JjVfXq6JUjqo4icPDQ8fzNr2uQ32mfOzJ6sXPao/6MA==",
      "requires": {
        "selector-set": "^1.1"
      }
    },
    "selector-set": {
      "version": "1.1.5",
      "resolved": "https://registry.npmjs.org/selector-set/-/selector-set-1.1.5.tgz",
      "integrity": "sha512-6SQw6yMew5iOZ8/cDHDEnJWRM4ot2mxP6szZyF5ptrBogw4AcS4EXRj/8BUfgAMwVfdL84qpModlBMOl2NVrsQ=="
    }
  }
}
